// !$*UTF8*$!
{
	archiveVersion = 1;
	classes = {
	};
	objectVersion = 46;
	objects = {

/* Begin PBXAggregateTarget section */
		1238F0F11DEF85BC00347169 /* Environment Switch Script */ = {
			isa = PBXAggregateTarget;
			buildConfigurationList = 1238F0F21DEF85BC00347169 /* Build configuration list for PBXAggregateTarget "Environment Switch Script" */;
			buildPhases = (
				1238F0F81DEF85F000347169 /* ShellScript */,
			);
			dependencies = (
			);
			name = "Environment Switch Script";
			productName = "Environment Switch Script";
		};
/* End PBXAggregateTarget section */

/* Begin PBXBuildFile section */
		1238F0D81DEDF23500347169 /* AppDelegate.swift in Sources */ = {isa = PBXBuildFile; fileRef = 1238F0D71DEDF23500347169 /* AppDelegate.swift */; };
		1238F0DA1DEDF23500347169 /* ViewController.swift in Sources */ = {isa = PBXBuildFile; fileRef = 1238F0D91DEDF23500347169 /* ViewController.swift */; };
		1238F0DD1DEDF23500347169 /* Main.storyboard in Resources */ = {isa = PBXBuildFile; fileRef = 1238F0DB1DEDF23500347169 /* Main.storyboard */; };
		1238F0DF1DEDF23500347169 /* Assets.xcassets in Resources */ = {isa = PBXBuildFile; fileRef = 1238F0DE1DEDF23500347169 /* Assets.xcassets */; };
		1238F0E21DEDF23500347169 /* LaunchScreen.storyboard in Resources */ = {isa = PBXBuildFile; fileRef = 1238F0E01DEDF23500347169 /* LaunchScreen.storyboard */; };
		1238F0F01DEF83C500347169 /* environment.plist in Resources */ = {isa = PBXBuildFile; fileRef = 1238F0EF1DEF83C500347169 /* environment.plist */; };
/* End PBXBuildFile section */

/* Begin PBXContainerItemProxy section */
		1238F0F61DEF85D900347169 /* PBXContainerItemProxy */ = {
			isa = PBXContainerItemProxy;
			containerPortal = 1238F0CC1DEDF23500347169 /* Project object */;
			proxyType = 1;
			remoteGlobalIDString = 1238F0F11DEF85BC00347169;
			remoteInfo = "Environment Switch Script";
		};
/* End PBXContainerItemProxy section */

/* Begin PBXFileReference section */
		1238F0D41DEDF23500347169 /* Jenkins.app */ = {isa = PBXFileReference; explicitFileType = wrapper.application; includeInIndex = 0; path = Jenkins.app; sourceTree = BUILT_PRODUCTS_DIR; };
		1238F0D71DEDF23500347169 /* AppDelegate.swift */ = {isa = PBXFileReference; lastKnownFileType = sourcecode.swift; path = AppDelegate.swift; sourceTree = "<group>"; };
		1238F0D91DEDF23500347169 /* ViewController.swift */ = {isa = PBXFileReference; lastKnownFileType = sourcecode.swift; path = ViewController.swift; sourceTree = "<group>"; };
		1238F0DC1DEDF23500347169 /* Base */ = {isa = PBXFileReference; lastKnownFileType = file.storyboard; name = Base; path = Base.lproj/Main.storyboard; sourceTree = "<group>"; };
		1238F0DE1DEDF23500347169 /* Assets.xcassets */ = {isa = PBXFileReference; lastKnownFileType = folder.assetcatalog; path = Assets.xcassets; sourceTree = "<group>"; };
		1238F0E11DEDF23500347169 /* Base */ = {isa = PBXFileReference; lastKnownFileType = file.storyboard; name = Base; path = Base.lproj/LaunchScreen.storyboard; sourceTree = "<group>"; };
		1238F0E31DEDF23500347169 /* Info.plist */ = {isa = PBXFileReference; lastKnownFileType = text.plist.xml; path = Info.plist; sourceTree = "<group>"; };
		1238F0EC1DEDFEE800347169 /* environment_DEV.plist */ = {isa = PBXFileReference; lastKnownFileType = text.plist.xml; path = environment_DEV.plist; sourceTree = "<group>"; };
		1238F0ED1DEDFF9000347169 /* environment_SYS.plist */ = {isa = PBXFileReference; lastKnownFileType = text.plist.xml; path = environment_SYS.plist; sourceTree = "<group>"; };
		1238F0EE1DEDFFA000347169 /* environment_PROD.plist */ = {isa = PBXFileReference; lastKnownFileType = text.plist.xml; path = environment_PROD.plist; sourceTree = "<group>"; };
		1238F0EF1DEF83C500347169 /* environment.plist */ = {isa = PBXFileReference; fileEncoding = 4; lastKnownFileType = text.plist.xml; path = environment.plist; sourceTree = "<group>"; };
/* End PBXFileReference section */

/* Begin PBXFrameworksBuildPhase section */
		1238F0D11DEDF23500347169 /* Frameworks */ = {
			isa = PBXFrameworksBuildPhase;
			buildActionMask = 2147483647;
			files = (
			);
			runOnlyForDeploymentPostprocessing = 0;
		};
/* End PBXFrameworksBuildPhase section */

/* Begin PBXGroup section */
		1238F0CB1DEDF23500347169 = {
			isa = PBXGroup;
			children = (
				1238F0D61DEDF23500347169 /* Jenkins */,
				1238F0D51DEDF23500347169 /* Products */,
			);
			sourceTree = "<group>";
		};
		1238F0D51DEDF23500347169 /* Products */ = {
			isa = PBXGroup;
			children = (
				1238F0D41DEDF23500347169 /* Jenkins.app */,
			);
			name = Products;
			sourceTree = "<group>";
		};
		1238F0D61DEDF23500347169 /* Jenkins */ = {
			isa = PBXGroup;
			children = (
				1238F0EB1DEDFEC100347169 /* Configuration */,
				1238F0D71DEDF23500347169 /* AppDelegate.swift */,
				1238F0D91DEDF23500347169 /* ViewController.swift */,
				1238F0DB1DEDF23500347169 /* Main.storyboard */,
				1238F0DE1DEDF23500347169 /* Assets.xcassets */,
				1238F0E01DEDF23500347169 /* LaunchScreen.storyboard */,
				1238F0E31DEDF23500347169 /* Info.plist */,
			);
			path = Jenkins;
			sourceTree = "<group>";
		};
		1238F0EB1DEDFEC100347169 /* Configuration */ = {
			isa = PBXGroup;
			children = (
				1238F0EC1DEDFEE800347169 /* environment_DEV.plist */,
				1238F0ED1DEDFF9000347169 /* environment_SYS.plist */,
				1238F0EE1DEDFFA000347169 /* environment_PROD.plist */,
				1238F0EF1DEF83C500347169 /* environment.plist */,
			);
			name = Configuration;
			sourceTree = "<group>";
		};
/* End PBXGroup section */

/* Begin PBXNativeTarget section */
		1238F0D31DEDF23500347169 /* Jenkins */ = {
			isa = PBXNativeTarget;
			buildConfigurationList = 1238F0E61DEDF23500347169 /* Build configuration list for PBXNativeTarget "Jenkins" */;
			buildPhases = (
				1238F0D01DEDF23500347169 /* Sources */,
				1238F0D11DEDF23500347169 /* Frameworks */,
				1238F0D21DEDF23500347169 /* Resources */,
			);
			buildRules = (
			);
			dependencies = (
				1238F0F71DEF85D900347169 /* PBXTargetDependency */,
			);
			name = Jenkins;
			productName = Jenkins;
			productReference = 1238F0D41DEDF23500347169 /* Jenkins.app */;
			productType = "com.apple.product-type.application";
		};
/* End PBXNativeTarget section */

/* Begin PBXProject section */
		1238F0CC1DEDF23500347169 /* Project object */ = {
			isa = PBXProject;
			attributes = {
				LastSwiftUpdateCheck = 0810;
				LastUpgradeCheck = 0810;
				ORGANIZATIONNAME = JADO;
				TargetAttributes = {
					1238F0D31DEDF23500347169 = {
						CreatedOnToolsVersion = 8.1;
						DevelopmentTeam = DRAP9QU2JX;
						ProvisioningStyle = Automatic;
					};
					1238F0F11DEF85BC00347169 = {
						CreatedOnToolsVersion = 8.1;
						DevelopmentTeam = DRAP9QU2JX;
						ProvisioningStyle = Automatic;
					};
				};
			};
			buildConfigurationList = 1238F0CF1DEDF23500347169 /* Build configuration list for PBXProject "Jenkins" */;
			compatibilityVersion = "Xcode 3.2";
			developmentRegion = English;
			hasScannedForEncodings = 0;
			knownRegions = (
				en,
				Base,
			);
			mainGroup = 1238F0CB1DEDF23500347169;
			productRefGroup = 1238F0D51DEDF23500347169 /* Products */;
			projectDirPath = "";
			projectRoot = "";
			targets = (
				1238F0D31DEDF23500347169 /* Jenkins */,
				1238F0F11DEF85BC00347169 /* Environment Switch Script */,
			);
		};
/* End PBXProject section */

/* Begin PBXResourcesBuildPhase section */
		1238F0D21DEDF23500347169 /* Resources */ = {
			isa = PBXResourcesBuildPhase;
			buildActionMask = 2147483647;
			files = (
				1238F0F01DEF83C500347169 /* environment.plist in Resources */,
				1238F0E21DEDF23500347169 /* LaunchScreen.storyboard in Resources */,
				1238F0DF1DEDF23500347169 /* Assets.xcassets in Resources */,
				1238F0DD1DEDF23500347169 /* Main.storyboard in Resources */,
			);
			runOnlyForDeploymentPostprocessing = 0;
		};
/* End PBXResourcesBuildPhase section */

/* Begin PBXShellScriptBuildPhase section */
		1238F0F81DEF85F000347169 /* ShellScript */ = {
			isa = PBXShellScriptBuildPhase;
			buildActionMask = 2147483647;
			files = (
			);
			inputPaths = (
			);
			outputPaths = (
			);
			runOnlyForDeploymentPostprocessing = 0;
			shellPath = /bin/sh;
			shellScript = "dir=${PROJECT_DIR}/${PROJECT_NAME}\necho \"Starting environment configuration for project: \" $dir\n\n# environment variable from value passed in to xcodebuild.\n# if not specified, we default to DEV\nenv=${BDF_ENVIRONMENT}\nif [ -z \"$env\" ]\nthen\nenv=\"DEV\"\nfi\necho \"Using $env environment\"\n\n# copy the environment-specific file\ncp $dir/environment_$env.plist $dir/environment.plist\n\n# Date and time that we are running this build\nbuildDate=`date \"+%F %H:%M:%S\"`\ntodaysDay=`date \"+%d\"`\n\n# app settings\nappName=`/usr/libexec/PlistBuddy -c \"Print :appName\" \"$dir/environment.plist\"`\nversion=`/usr/libexec/PlistBuddy -c \"Print :CFBundleShortVersionString\" \"${PROJECT_DIR}/${PROJECT_NAME}/Info.plist\"`\n\nif [ \"$env\" != \"PROD\" ]\nthen\n# need to dynamically append today's day for non-prod\nappName=\"$appName $todaysDay\"\n# Last hash from the current branch\nversion=`git log --pretty=format:\"%h\" -1`\nfi\n\n# Build the preprocess file\ncd ${PROJECT_DIR}/${PROJECT_NAME}\npreprocessFile=\"environment_preprocess.h\"\necho \"Creating header file\"\n\necho -e \"//-----------------------------------------\" > $preprocessFile\necho -e \"// Auto generated file\" >> $preprocessFile\necho -e \"// Created $buildDate\" >> $preprocessFile\necho -e \"//-----------------------------------------\" >> $preprocessFile\necho -e \"\" >> $preprocessFile\necho -e \"#define BDF_ENVIRONMENT              $env\" >> $preprocessFile\necho -e \"#define BDF_ENVIRONMENT_LAST_COMMIT  $version\" >> $preprocessFile\necho -e \"#define BDF_ENVIRONMENT_APP_NAME     $appName\" >> $preprocessFile\n\n# dump out file to build log\ncat $preprocessFile\n\n# Force the system to process the plist file\necho \"Touching plist at: \" ${PROJECT_DIR}/${PROJECT_NAME}/${PROJECT_NAME}-Info.plist\ntouch ${PROJECT_DIR}/${PROJECT_NAME}/${PROJECT_NAME}-Info.plist\n\n# done\necho \"Done.\"";
		};
/* End PBXShellScriptBuildPhase section */

/* Begin PBXSourcesBuildPhase section */
		1238F0D01DEDF23500347169 /* Sources */ = {
			isa = PBXSourcesBuildPhase;
			buildActionMask = 2147483647;
			files = (
				1238F0DA1DEDF23500347169 /* ViewController.swift in Sources */,
				1238F0D81DEDF23500347169 /* AppDelegate.swift in Sources */,
			);
			runOnlyForDeploymentPostprocessing = 0;
		};
/* End PBXSourcesBuildPhase section */

/* Begin PBXTargetDependency section */
		1238F0F71DEF85D900347169 /* PBXTargetDependency */ = {
			isa = PBXTargetDependency;
			target = 1238F0F11DEF85BC00347169 /* Environment Switch Script */;
			targetProxy = 1238F0F61DEF85D900347169 /* PBXContainerItemProxy */;
		};
/* End PBXTargetDependency section */

/* Begin PBXVariantGroup section */
		1238F0DB1DEDF23500347169 /* Main.storyboard */ = {
			isa = PBXVariantGroup;
			children = (
				1238F0DC1DEDF23500347169 /* Base */,
			);
			name = Main.storyboard;
			sourceTree = "<group>";
		};
		1238F0E01DEDF23500347169 /* LaunchScreen.storyboard */ = {
			isa = PBXVariantGroup;
			children = (
				1238F0E11DEDF23500347169 /* Base */,
			);
			name = LaunchScreen.storyboard;
			sourceTree = "<group>";
		};
/* End PBXVariantGroup section */

/* Begin XCBuildConfiguration section */
		1238F0E41DEDF23500347169 /* DEV */ = {
			isa = XCBuildConfiguration;
			buildSettings = {
				ALWAYS_SEARCH_USER_PATHS = NO;
				ASSETCATALOG_COMPILER_APPICON_NAME = AppIcon_DEV;
				BDF_BUNDLE_ID = com.jado.Jenkins.DEV;
				BDF_ENVIRONMENT = DEV;
				CLANG_ANALYZER_NONNULL = YES;
				CLANG_CXX_LANGUAGE_STANDARD = "gnu++0x";
				CLANG_CXX_LIBRARY = "libc++";
				CLANG_ENABLE_MODULES = YES;
				CLANG_ENABLE_OBJC_ARC = YES;
				CLANG_WARN_BOOL_CONVERSION = YES;
				CLANG_WARN_CONSTANT_CONVERSION = YES;
				CLANG_WARN_DIRECT_OBJC_ISA_USAGE = YES_ERROR;
				CLANG_WARN_DOCUMENTATION_COMMENTS = YES;
				CLANG_WARN_EMPTY_BODY = YES;
				CLANG_WARN_ENUM_CONVERSION = YES;
				CLANG_WARN_INFINITE_RECURSION = YES;
				CLANG_WARN_INT_CONVERSION = YES;
				CLANG_WARN_OBJC_ROOT_CLASS = YES_ERROR;
				CLANG_WARN_SUSPICIOUS_MOVES = YES;
				CLANG_WARN_UNREACHABLE_CODE = YES;
				CLANG_WARN__DUPLICATE_METHOD_MATCH = YES;
				"CODE_SIGN_IDENTITY[sdk=iphoneos*]" = "iPhone Developer";
				COPY_PHASE_STRIP = NO;
				DEBUG_INFORMATION_FORMAT = dwarf;
				ENABLE_STRICT_OBJC_MSGSEND = YES;
				ENABLE_TESTABILITY = YES;
				GCC_C_LANGUAGE_STANDARD = gnu99;
				GCC_DYNAMIC_NO_PIC = NO;
				GCC_NO_COMMON_BLOCKS = YES;
				GCC_OPTIMIZATION_LEVEL = 0;
				GCC_PREPROCESSOR_DEFINITIONS = (
					"DEBUG=1",
					"$(inherited)",
				);
				GCC_WARN_64_TO_32_BIT_CONVERSION = YES;
				GCC_WARN_ABOUT_RETURN_TYPE = YES_ERROR;
				GCC_WARN_UNDECLARED_SELECTOR = YES;
				GCC_WARN_UNINITIALIZED_AUTOS = YES_AGGRESSIVE;
				GCC_WARN_UNUSED_FUNCTION = YES;
				GCC_WARN_UNUSED_VARIABLE = YES;
				IPHONEOS_DEPLOYMENT_TARGET = 10.1;
				MTL_ENABLE_DEBUG_INFO = YES;
				ONLY_ACTIVE_ARCH = YES;
				SDKROOT = iphoneos;
				SWIFT_ACTIVE_COMPILATION_CONDITIONS = DEBUG;
				SWIFT_OPTIMIZATION_LEVEL = "-Onone";
				TARGETED_DEVICE_FAMILY = "1,2";
			};
			name = DEV;
		};
		1238F0E51DEDF23500347169 /* PROD */ = {
			isa = XCBuildConfiguration;
			buildSettings = {
				ALWAYS_SEARCH_USER_PATHS = NO;
				ASSETCATALOG_COMPILER_APPICON_NAME = AppIcon_PROD;
				BDF_BUNDLE_ID = com.jado.Jenkins;
				BDF_ENVIRONMENT = PROD;
				CLANG_ANALYZER_NONNULL = YES;
				CLANG_CXX_LANGUAGE_STANDARD = "gnu++0x";
				CLANG_CXX_LIBRARY = "libc++";
				CLANG_ENABLE_MODULES = YES;
				CLANG_ENABLE_OBJC_ARC = YES;
				CLANG_WARN_BOOL_CONVERSION = YES;
				CLANG_WARN_CONSTANT_CONVERSION = YES;
				CLANG_WARN_DIRECT_OBJC_ISA_USAGE = YES_ERROR;
				CLANG_WARN_DOCUMENTATION_COMMENTS = YES;
				CLANG_WARN_EMPTY_BODY = YES;
				CLANG_WARN_ENUM_CONVERSION = YES;
				CLANG_WARN_INFINITE_RECURSION = YES;
				CLANG_WARN_INT_CONVERSION = YES;
				CLANG_WARN_OBJC_ROOT_CLASS = YES_ERROR;
				CLANG_WARN_SUSPICIOUS_MOVES = YES;
				CLANG_WARN_UNREACHABLE_CODE = YES;
				CLANG_WARN__DUPLICATE_METHOD_MATCH = YES;
				"CODE_SIGN_IDENTITY[sdk=iphoneos*]" = "iPhone Developer";
				COPY_PHASE_STRIP = NO;
				DEBUG_INFORMATION_FORMAT = "dwarf-with-dsym";
				ENABLE_NS_ASSERTIONS = NO;
				ENABLE_STRICT_OBJC_MSGSEND = YES;
				GCC_C_LANGUAGE_STANDARD = gnu99;
				GCC_NO_COMMON_BLOCKS = YES;
				GCC_WARN_64_TO_32_BIT_CONVERSION = YES;
				GCC_WARN_ABOUT_RETURN_TYPE = YES_ERROR;
				GCC_WARN_UNDECLARED_SELECTOR = YES;
				GCC_WARN_UNINITIALIZED_AUTOS = YES_AGGRESSIVE;
				GCC_WARN_UNUSED_FUNCTION = YES;
				GCC_WARN_UNUSED_VARIABLE = YES;
				IPHONEOS_DEPLOYMENT_TARGET = 10.1;
				MTL_ENABLE_DEBUG_INFO = NO;
				SDKROOT = iphoneos;
				SWIFT_OPTIMIZATION_LEVEL = "-Owholemodule";
				TARGETED_DEVICE_FAMILY = "1,2";
				VALIDATE_PRODUCT = YES;
			};
			name = PROD;
		};
		1238F0E71DEDF23500347169 /* DEV */ = {
			isa = XCBuildConfiguration;
			buildSettings = {
				ASSETCATALOG_COMPILER_APPICON_NAME = AppIcon;
				DEVELOPMENT_TEAM = DRAP9QU2JX;
				INFOPLIST_FILE = Jenkins/Info.plist;
				INFOPLIST_PREFIX_HEADER = Jenkins/environment_preprocess.h;
				INFOPLIST_PREPROCESS = YES;
				LD_RUNPATH_SEARCH_PATHS = "$(inherited) @executable_path/Frameworks";
				PRODUCT_BUNDLE_IDENTIFIER = com.jado.Jenkins;
				PRODUCT_NAME = "$(TARGET_NAME)";
				SWIFT_VERSION = 3.0;
			};
			name = DEV;
		};
		1238F0E81DEDF23500347169 /* PROD */ = {
			isa = XCBuildConfiguration;
			buildSettings = {
				ASSETCATALOG_COMPILER_APPICON_NAME = AppIcon;
				DEVELOPMENT_TEAM = DRAP9QU2JX;
				INFOPLIST_FILE = Jenkins/Info.plist;
				INFOPLIST_PREFIX_HEADER = Jenkins/environment_preprocess.h;
				INFOPLIST_PREPROCESS = YES;
				LD_RUNPATH_SEARCH_PATHS = "$(inherited) @executable_path/Frameworks";
				PRODUCT_BUNDLE_IDENTIFIER = com.jado.Jenkins;
				PRODUCT_NAME = "$(TARGET_NAME)";
				SWIFT_VERSION = 3.0;
			};
			name = PROD;
		};
		1238F0E91DEDF30600347169 /* SYS */ = {
			isa = XCBuildConfiguration;
			buildSettings = {
				ALWAYS_SEARCH_USER_PATHS = NO;
				ASSETCATALOG_COMPILER_APPICON_NAME = AppIcon_SYS;
				BDF_BUNDLE_ID = com.jado.Jenkins.SYS;
				BDF_ENVIRONMENT = SYS;
				CLANG_ANALYZER_NONNULL = YES;
				CLANG_CXX_LANGUAGE_STANDARD = "gnu++0x";
				CLANG_CXX_LIBRARY = "libc++";
				CLANG_ENABLE_MODULES = YES;
				CLANG_ENABLE_OBJC_ARC = YES;
				CLANG_WARN_BOOL_CONVERSION = YES;
				CLANG_WARN_CONSTANT_CONVERSION = YES;
				CLANG_WARN_DIRECT_OBJC_ISA_USAGE = YES_ERROR;
				CLANG_WARN_DOCUMENTATION_COMMENTS = YES;
				CLANG_WARN_EMPTY_BODY = YES;
				CLANG_WARN_ENUM_CONVERSION = YES;
				CLANG_WARN_INFINITE_RECURSION = YES;
				CLANG_WARN_INT_CONVERSION = YES;
				CLANG_WARN_OBJC_ROOT_CLASS = YES_ERROR;
				CLANG_WARN_SUSPICIOUS_MOVES = YES;
				CLANG_WARN_UNREACHABLE_CODE = YES;
				CLANG_WARN__DUPLICATE_METHOD_MATCH = YES;
				"CODE_SIGN_IDENTITY[sdk=iphoneos*]" = "iPhone Developer";
				COPY_PHASE_STRIP = NO;
				DEBUG_INFORMATION_FORMAT = dwarf;
				ENABLE_STRICT_OBJC_MSGSEND = YES;
				ENABLE_TESTABILITY = YES;
				GCC_C_LANGUAGE_STANDARD = gnu99;
				GCC_DYNAMIC_NO_PIC = NO;
				GCC_NO_COMMON_BLOCKS = YES;
				GCC_OPTIMIZATION_LEVEL = 0;
				GCC_PREPROCESSOR_DEFINITIONS = (
					"DEBUG=1",
					"$(inherited)",
				);
				GCC_WARN_64_TO_32_BIT_CONVERSION = YES;
				GCC_WARN_ABOUT_RETURN_TYPE = YES_ERROR;
				GCC_WARN_UNDECLARED_SELECTOR = YES;
				GCC_WARN_UNINITIALIZED_AUTOS = YES_AGGRESSIVE;
				GCC_WARN_UNUSED_FUNCTION = YES;
				GCC_WARN_UNUSED_VARIABLE = YES;
				IPHONEOS_DEPLOYMENT_TARGET = 10.1;
				MTL_ENABLE_DEBUG_INFO = YES;
				ONLY_ACTIVE_ARCH = YES;
				SDKROOT = iphoneos;
				SWIFT_ACTIVE_COMPILATION_CONDITIONS = DEBUG;
				SWIFT_OPTIMIZATION_LEVEL = "-Onone";
				TARGETED_DEVICE_FAMILY = "1,2";
			};
			name = SYS;
		};
		1238F0EA1DEDF30600347169 /* SYS */ = {
			isa = XCBuildConfiguration;
			buildSettings = {
				ASSETCATALOG_COMPILER_APPICON_NAME = AppIcon;
				DEVELOPMENT_TEAM = DRAP9QU2JX;
				INFOPLIST_FILE = Jenkins/Info.plist;
				INFOPLIST_PREFIX_HEADER = Jenkins/environment_preprocess.h;
				INFOPLIST_PREPROCESS = YES;
				LD_RUNPATH_SEARCH_PATHS = "$(inherited) @executable_path/Frameworks";
				PRODUCT_BUNDLE_IDENTIFIER = com.jado.Jenkins;
				PRODUCT_NAME = "$(TARGET_NAME)";
				SWIFT_VERSION = 3.0;
			};
			name = SYS;
		};
		1238F0F31DEF85BC00347169 /* DEV */ = {
			isa = XCBuildConfiguration;
			buildSettings = {
				DEVELOPMENT_TEAM = DRAP9QU2JX;
				PRODUCT_NAME = "$(TARGET_NAME)";
			};
			name = DEV;
		};
		1238F0F41DEF85BC00347169 /* SYS */ = {
			isa = XCBuildConfiguration;
			buildSettings = {
				DEVELOPMENT_TEAM = DRAP9QU2JX;
				PRODUCT_NAME = "$(TARGET_NAME)";
			};
			name = SYS;
		};
		1238F0F51DEF85BC00347169 /* PROD */ = {
			isa = XCBuildConfiguration;
			buildSettings = {
				DEVELOPMENT_TEAM = DRAP9QU2JX;
				PRODUCT_NAME = "$(TARGET_NAME)";
			};
			name = PROD;
		};
/* End XCBuildConfiguration section */

/* Begin XCConfigurationList section */
		1238F0CF1DEDF23500347169 /* Build configuration list for PBXProject "Jenkins" */ = {
			isa = XCConfigurationList;
			buildConfigurations = (
				1238F0E41DEDF23500347169 /* DEV */,
				1238F0E91DEDF30600347169 /* SYS */,
				1238F0E51DEDF23500347169 /* PROD */,
			);
			defaultConfigurationIsVisible = 0;
			defaultConfigurationName = PROD;
		};
		1238F0E61DEDF23500347169 /* Build configuration list for PBXNativeTarget "Jenkins" */ = {
			isa = XCConfigurationList;
			buildConfigurations = (
				1238F0E71DEDF23500347169 /* DEV */,
				1238F0EA1DEDF30600347169 /* SYS */,
				1238F0E81DEDF23500347169 /* PROD */,
			);
			defaultConfigurationIsVisible = 0;
			defaultConfigurationName = PROD;
		};
		1238F0F21DEF85BC00347169 /* Build configuration list for PBXAggregateTarget "Environment Switch Script" */ = {
			isa = XCConfigurationList;
			buildConfigurations = (
				1238F0F31DEF85BC00347169 /* DEV */,
				1238F0F41DEF85BC00347169 /* SYS */,
				1238F0F51DEF85BC00347169 /* PROD */,
			);
			defaultConfigurationIsVisible = 0;
		};
/* End XCConfigurationList section */
	};
	rootObject = 1238F0CC1DEDF23500347169 /* Project object */;
}
